// !$*UTF8*$!
{
	archiveVersion = 1;
	classes = {
	};
	objectVersion = 50;
	objects = {

/* Begin PBXBuildFile section */
		5F1D17AE26A107FE0090C0FF /* AppDelegate.swift in Sources */ = {isa = PBXBuildFile; fileRef = 5F1D17AD26A107FE0090C0FF /* AppDelegate.swift */; };
		5F1D17B026A107FE0090C0FF /* SceneDelegate.swift in Sources */ = {isa = PBXBuildFile; fileRef = 5F1D17AF26A107FE0090C0FF /* SceneDelegate.swift */; };
		5F1D17B226A107FE0090C0FF /* ContentView.swift in Sources */ = {isa = PBXBuildFile; fileRef = 5F1D17B126A107FE0090C0FF /* ContentView.swift */; };
		5F1D17B426A107FF0090C0FF /* Assets.xcassets in Resources */ = {isa = PBXBuildFile; fileRef = 5F1D17B326A107FF0090C0FF /* Assets.xcassets */; };
		5F1D17B726A107FF0090C0FF /* Preview Assets.xcassets in Resources */ = {isa = PBXBuildFile; fileRef = 5F1D17B626A107FF0090C0FF /* Preview Assets.xcassets */; };
		5F1D17BA26A107FF0090C0FF /* LaunchScreen.storyboard in Resources */ = {isa = PBXBuildFile; fileRef = 5F1D17B826A107FF0090C0FF /* LaunchScreen.storyboard */; };
		5FB6AD4626A3C57E002BD85F /* ViewController.swift in Sources */ = {isa = PBXBuildFile; fileRef = 5FB6AD4526A3C57E002BD85F /* ViewController.swift */; };
		5FB6AD4C26A3C95F002BD85F /* Sound in Resources */ = {isa = PBXBuildFile; fileRef = 5FB6AD4B26A3C95F002BD85F /* Sound */; };
/* End PBXBuildFile section */

/* Begin PBXFileReference section */
		5F1D17AA26A107FE0090C0FF /* Useless button IOS.app */ = {isa = PBXFileReference; explicitFileType = wrapper.application; includeInIndex = 0; path = "Useless button IOS.app"; sourceTree = BUILT_PRODUCTS_DIR; };
		5F1D17AD26A107FE0090C0FF /* AppDelegate.swift */ = {isa = PBXFileReference; lastKnownFileType = sourcecode.swift; path = AppDelegate.swift; sourceTree = "<group>"; };
		5F1D17AF26A107FE0090C0FF /* SceneDelegate.swift */ = {isa = PBXFileReference; lastKnownFileType = sourcecode.swift; path = SceneDelegate.swift; sourceTree = "<group>"; };
		5F1D17B126A107FE0090C0FF /* ContentView.swift */ = {isa = PBXFileReference; lastKnownFileType = sourcecode.swift; path = ContentView.swift; sourceTree = "<group>"; };
		5F1D17B326A107FF0090C0FF /* Assets.xcassets */ = {isa = PBXFileReference; lastKnownFileType = folder.assetcatalog; path = Assets.xcassets; sourceTree = "<group>"; };
		5F1D17B626A107FF0090C0FF /* Preview Assets.xcassets */ = {isa = PBXFileReference; lastKnownFileType = folder.assetcatalog; path = "Preview Assets.xcassets"; sourceTree = "<group>"; };
		5F1D17B926A107FF0090C0FF /* Base */ = {isa = PBXFileReference; lastKnownFileType = file.storyboard; name = Base; path = Base.lproj/LaunchScreen.storyboard; sourceTree = "<group>"; };
		5F1D17BB26A107FF0090C0FF /* Info.plist */ = {isa = PBXFileReference; lastKnownFileType = text.plist.xml; path = Info.plist; sourceTree = "<group>"; };
		5FB6AD4526A3C57E002BD85F /* ViewController.swift */ = {isa = PBXFileReference; lastKnownFileType = sourcecode.swift; path = ViewController.swift; sourceTree = "<group>"; };
		5FB6AD4B26A3C95F002BD85F /* Sound */ = {isa = PBXFileReference; lastKnownFileType = folder; path = Sound; sourceTree = "<group>"; };
/* End PBXFileReference section */

/* Begin PBXFrameworksBuildPhase section */
		5F1D17A726A107FE0090C0FF /* Frameworks */ = {
			isa = PBXFrameworksBuildPhase;
			buildActionMask = 2147483647;
			files = (
			);
			runOnlyForDeploymentPostprocessing = 0;
		};
/* End PBXFrameworksBuildPhase section */

/* Begin PBXGroup section */
		5F1D17A126A107FE0090C0FF = {
			isa = PBXGroup;
			children = (
				5F1D17AC26A107FE0090C0FF /* Useless button IOS */,
				5F1D17AB26A107FE0090C0FF /* Products */,
			);
			sourceTree = "<group>";
		};
		5F1D17AB26A107FE0090C0FF /* Products */ = {
			isa = PBXGroup;
			children = (
				5F1D17AA26A107FE0090C0FF /* Useless button IOS.app */,
			);
			name = Products;
			sourceTree = "<group>";
		};
		5F1D17AC26A107FE0090C0FF /* Useless button IOS */ = {
			isa = PBXGroup;
			children = (
				5FB6AD4B26A3C95F002BD85F /* Sound */,
				5F1D17AD26A107FE0090C0FF /* AppDelegate.swift */,
				5F1D17AF26A107FE0090C0FF /* SceneDelegate.swift */,
				5F1D17B126A107FE0090C0FF /* ContentView.swift */,
				5FB6AD4526A3C57E002BD85F /* ViewController.swift */,
				5F1D17B326A107FF0090C0FF /* Assets.xcassets */,
				5F1D17B826A107FF0090C0FF /* LaunchScreen.storyboard */,
				5F1D17BB26A107FF0090C0FF /* Info.plist */,
				5F1D17B526A107FF0090C0FF /* Preview Content */,
			);
			path = "Useless button IOS";
			sourceTree = "<group>";
		};
		5F1D17B526A107FF0090C0FF /* Preview Content */ = {
			isa = PBXGroup;
			children = (
				5F1D17B626A107FF0090C0FF /* Preview Assets.xcassets */,
			);
			path = "Preview Content";
			sourceTree = "<group>";
		};
/* End PBXGroup section */

/* Begin PBXNativeTarget section */
		5F1D17A926A107FE0090C0FF /* Useless button IOS */ = {
			isa = PBXNativeTarget;
			buildConfigurationList = 5F1D17BE26A107FF0090C0FF /* Build configuration list for PBXNativeTarget "Useless button IOS" */;
			buildPhases = (
				5F1D17A626A107FE0090C0FF /* Sources */,
				5F1D17A726A107FE0090C0FF /* Frameworks */,
				5F1D17A826A107FE0090C0FF /* Resources */,
			);
			buildRules = (
			);
			dependencies = (
			);
			name = "Useless button IOS";
			productName = "Useless button IOS";
			productReference = 5F1D17AA26A107FE0090C0FF /* Useless button IOS.app */;
			productType = "com.apple.product-type.application";
		};
/* End PBXNativeTarget section */

/* Begin PBXProject section */
		5F1D17A226A107FE0090C0FF /* Project object */ = {
			isa = PBXProject;
			attributes = {
				LastSwiftUpdateCheck = 1240;
				LastUpgradeCheck = 1240;
				TargetAttributes = {
					5F1D17A926A107FE0090C0FF = {
						CreatedOnToolsVersion = 12.4;
					};
				};
			};
			buildConfigurationList = 5F1D17A526A107FE0090C0FF /* Build configuration list for PBXProject "Useless button IOS" */;
			compatibilityVersion = "Xcode 9.3";
			developmentRegion = en;
			hasScannedForEncodings = 0;
			knownRegions = (
				en,
				Base,
			);
			mainGroup = 5F1D17A126A107FE0090C0FF;
			productRefGroup = 5F1D17AB26A107FE0090C0FF /* Products */;
			projectDirPath = "";
			projectRoot = "";
			targets = (
				5F1D17A926A107FE0090C0FF /* Useless button IOS */,
			);
		};
/* End PBXProject section */

/* Begin PBXResourcesBuildPhase section */
		5F1D17A826A107FE0090C0FF /* Resources */ = {
			isa = PBXResourcesBuildPhase;
			buildActionMask = 2147483647;
			files = (
				5F1D17BA26A107FF0090C0FF /* LaunchScreen.storyboard in Resources */,
				5F1D17B726A107FF0090C0FF /* Preview Assets.xcassets in Resources */,
				5FB6AD4C26A3C95F002BD85F /* Sound in Resources */,
				5F1D17B426A107FF0090C0FF /* Assets.xcassets in Resources */,
			);
			runOnlyForDeploymentPostprocessing = 0;
		};
/* End PBXResourcesBuildPhase section */

/* Begin PBXSourcesBuildPhase section */
		5F1D17A626A107FE0090C0FF /* Sources */ = {
			isa = PBXSourcesBuildPhase;
			buildActionMask = 2147483647;
			files = (
				5F1D17AE26A107FE0090C0FF /* AppDelegate.swift in Sources */,
				5FB6AD4626A3C57E002BD85F /* ViewController.swift in Sources */,
				5F1D17B026A107FE0090C0FF /* SceneDelegate.swift in Sources */,
				5F1D17B226A107FE0090C0FF /* ContentView.swift in Sources */,
			);
			runOnlyForDeploymentPostprocessing = 0;
		};
/* End PBXSourcesBuildPhase section */

/* Begin PBXVariantGroup section */
		5F1D17B826A107FF0090C0FF /* LaunchScreen.storyboard */ = {
			isa = PBXVariantGroup;
			children = (
				5F1D17B926A107FF0090C0FF /* Base */,
			);
			name = LaunchScreen.storyboard;
			sourceTree = "<group>";
		};
/* End PBXVariantGroup section */

/* Begin XCBuildConfiguration section */
		5F1D17BC26A107FF0090C0FF /* Debug */ = {
			isa = XCBuildConfiguration;
			buildSettings = {
				ALWAYS_SEARCH_USER_PATHS = NO;
				CLANG_ANALYZER_NONNULL = YES;
				CLANG_ANALYZER_NUMBER_OBJECT_CONVERSION = YES_AGGRESSIVE;
				CLANG_CXX_LANGUAGE_STANDARD = "gnu++14";
				CLANG_CXX_LIBRARY = "libc++";
				CLANG_ENABLE_MODULES = YES;
				CLANG_ENABLE_OBJC_ARC = YES;
				CLANG_ENABLE_OBJC_WEAK = YES;
				CLANG_WARN_BLOCK_CAPTURE_AUTORELEASING = YES;
				CLANG_WARN_BOOL_CONVERSION = YES;
				CLANG_WARN_COMMA = YES;
				CLANG_WARN_CONSTANT_CONVERSION = YES;
				CLANG_WARN_DEPRECATED_OBJC_IMPLEMENTATIONS = YES;
				CLANG_WARN_DIRECT_OBJC_ISA_USAGE = YES_ERROR;
				CLANG_WARN_DOCUMENTATION_COMMENTS = YES;
				CLANG_WARN_EMPTY_BODY = YES;
				CLANG_WARN_ENUM_CONVERSION = YES;
				CLANG_WARN_INFINITE_RECURSION = YES;
				CLANG_WARN_INT_CONVERSION = YES;
				CLANG_WARN_NON_LITERAL_NULL_CONVERSION = YES;
				CLANG_WARN_OBJC_IMPLICIT_RETAIN_SELF = YES;
				CLANG_WARN_OBJC_LITERAL_CONVERSION = YES;
				CLANG_WARN_OBJC_ROOT_CLASS = YES_ERROR;
				CLANG_WARN_QUOTED_INCLUDE_IN_FRAMEWORK_HEADER = YES;
				CLANG_WARN_RANGE_LOOP_ANALYSIS = YES;
				CLANG_WARN_STRICT_PROTOTYPES = YES;
				CLANG_WARN_SUSPICIOUS_MOVE = YES;
				CLANG_WARN_UNGUARDED_AVAILABILITY = YES_AGGRESSIVE;
				CLANG_WARN_UNREACHABLE_CODE = YES;
				CLANG_WARN__DUPLICATE_METHOD_MATCH = YES;
				COPY_PHASE_STRIP = NO;
				DEBUG_INFORMATION_FORMAT = dwarf;
				ENABLE_STRICT_OBJC_MSGSEND = YES;
				ENABLE_TESTABILITY = YES;
				GCC_C_LANGUAGE_STANDARD = gnu11;
				GCC_DYNAMIC_NO_PIC = NO;
				GCC_NO_COMMON_BLOCKS = YES;
				GCC_OPTIMIZATION_LEVEL = 0;
				GCC_PREPROCESSOR_DEFINITIONS = (
					"DEBUG=1",
					"$(inherited)",
				);
				GCC_WARN_64_TO_32_BIT_CONVERSION = YES;
				GCC_WARN_ABOUT_RETURN_TYPE = YES_ERROR;
				GCC_WARN_UNDECLARED_SELECTOR = YES;
				GCC_WARN_UNINITIALIZED_AUTOS = YES_AGGRESSIVE;
				GCC_WARN_UNUSED_FUNCTION = YES;
				GCC_WARN_UNUSED_VARIABLE = YES;
				IPHONEOS_DEPLOYMENT_TARGET = 14.4;
				MTL_ENABLE_DEBUG_INFO = INCLUDE_SOURCE;
				MTL_FAST_MATH = YES;
				ONLY_ACTIVE_ARCH = YES;
				SDKROOT = iphoneos;
				SWIFT_ACTIVE_COMPILATION_CONDITIONS = DEBUG;
				SWIFT_OPTIMIZATION_LEVEL = "-Onone";
			};
			name = Debug;
		};
		5F1D17BD26A107FF0090C0FF /* Release */ = {
			isa = XCBuildConfiguration;
			buildSettings = {
				ALWAYS_SEARCH_USER_PATHS = NO;
				CLANG_ANALYZER_NONNULL = YES;
				CLANG_ANALYZER_NUMBER_OBJECT_CONVERSION = YES_AGGRESSIVE;
				CLANG_CXX_LANGUAGE_STANDARD = "gnu++14";
				CLANG_CXX_LIBRARY = "libc++";
				CLANG_ENABLE_MODULES = YES;
				CLANG_ENABLE_OBJC_ARC = YES;
				CLANG_ENABLE_OBJC_WEAK = YES;
				CLANG_WARN_BLOCK_CAPTURE_AUTORELEASING = YES;
				CLANG_WARN_BOOL_CONVERSION = YES;
				CLANG_WARN_COMMA = YES;
				CLANG_WARN_CONSTANT_CONVERSION = YES;
				CLANG_WARN_DEPRECATED_OBJC_IMPLEMENTATIONS = YES;
				CLANG_WARN_DIRECT_OBJC_ISA_USAGE = YES_ERROR;
				CLANG_WARN_DOCUMENTATION_COMMENTS = YES;
				CLANG_WARN_EMPTY_BODY = YES;
				CLANG_WARN_ENUM_CONVERSION = YES;
				CLANG_WARN_INFINITE_RECURSION = YES;
				CLANG_WARN_INT_CONVERSION = YES;
				CLANG_WARN_NON_LITERAL_NULL_CONVERSION = YES;
				CLANG_WARN_OBJC_IMPLICIT_RETAIN_SELF = YES;
				CLANG_WARN_OBJC_LITERAL_CONVERSION = YES;
				CLANG_WARN_OBJC_ROOT_CLASS = YES_ERROR;
				CLANG_WARN_QUOTED_INCLUDE_IN_FRAMEWORK_HEADER = YES;
				CLANG_WARN_RANGE_LOOP_ANALYSIS = YES;
				CLANG_WARN_STRICT_PROTOTYPES = YES;
				CLANG_WARN_SUSPICIOUS_MOVE = YES;
				CLANG_WARN_UNGUARDED_AVAILABILITY = YES_AGGRESSIVE;
				CLANG_WARN_UNREACHABLE_CODE = YES;
				CLANG_WARN__DUPLICATE_METHOD_MATCH = YES;
				COPY_PHASE_STRIP = NO;
				DEBUG_INFORMATION_FORMAT = "dwarf-with-dsym";
				ENABLE_NS_ASSERTIONS = NO;
				ENABLE_STRICT_OBJC_MSGSEND = YES;
				GCC_C_LANGUAGE_STANDARD = gnu11;
				GCC_NO_COMMON_BLOCKS = YES;
				GCC_WARN_64_TO_32_BIT_CONVERSION = YES;
				GCC_WARN_ABOUT_RETURN_TYPE = YES_ERROR;
				GCC_WARN_UNDECLARED_SELECTOR = YES;
				GCC_WARN_UNINITIALIZED_AUTOS = YES_AGGRESSIVE;
				GCC_WARN_UNUSED_FUNCTION = YES;
				GCC_WARN_UNUSED_VARIABLE = YES;
				IPHONEOS_DEPLOYMENT_TARGET = 14.4;
				MTL_ENABLE_DEBUG_INFO = NO;
				MTL_FAST_MATH = YES;
				SDKROOT = iphoneos;
				SWIFT_COMPILATION_MODE = wholemodule;
				SWIFT_OPTIMIZATION_LEVEL = "-O";
				VALIDATE_PRODUCT = YES;
			};
			name = Release;
		};
		5F1D17BF26A107FF0090C0FF /* Debug */ = {
			isa = XCBuildConfiguration;
			buildSettings = {
				ASSETCATALOG_COMPILER_APPICON_NAME = AppIcon;
				ASSETCATALOG_COMPILER_GLOBAL_ACCENT_COLOR_NAME = AccentColor;
				CODE_SIGN_STYLE = Automatic;
				DEVELOPMENT_ASSET_PATHS = "\"Useless button IOS/Preview Content\"";
				ENABLE_PREVIEWS = YES;
				INFOPLIST_FILE = "Useless button IOS/Info.plist";
				LD_RUNPATH_SEARCH_PATHS = (
					"$(inherited)",
					"@executable_path/Frameworks",
				);
				PRODUCT_BUNDLE_IDENTIFIER = "Jodieharuka.Useless-button-IOS";
				PRODUCT_NAME = "$(TARGET_NAME)";
				SWIFT_VERSION = 5.0;
				TARGETED_DEVICE_FAMILY = "1,2";
			};
			name = Debug;
		};
		5F1D17C026A107FF0090C0FF /* Release */ = {
			isa = XCBuildConfiguration;
			buildSettings = {
				ASSETCATALOG_COMPILER_APPICON_NAME = AppIcon;
				ASSETCATALOG_COMPILER_GLOBAL_ACCENT_COLOR_NAME = AccentColor;
				CODE_SIGN_STYLE = Automatic;
				DEVELOPMENT_ASSET_PATHS = "\"Useless button IOS/Preview Content\"";
				ENABLE_PREVIEWS = YES;
				INFOPLIST_FILE = "Useless button IOS/Info.plist";
				LD_RUNPATH_SEARCH_PATHS = (
					"$(inherited)",
					"@executable_path/Frameworks",
				);
				PRODUCT_BUNDLE_IDENTIFIER = "Jodieharuka.Useless-button-IOS";
				PRODUCT_NAME = "$(TARGET_NAME)";
				SWIFT_VERSION = 5.0;
				TARGETED_DEVICE_FAMILY = "1,2";
			};
			name = Release;
		};
/* End XCBuildConfiguration section */

/* Begin XCConfigurationList section */
		5F1D17A526A107FE0090C0FF /* Build configuration list for PBXProject "Useless button IOS" */ = {
			isa = XCConfigurationList;
			buildConfigurations = (
				5F1D17BC26A107FF0090C0FF /* Debug */,
				5F1D17BD26A107FF0090C0FF /* Release */,
			);
			defaultConfigurationIsVisible = 0;
			defaultConfigurationName = Release;
		};
		5F1D17BE26A107FF0090C0FF /* Build configuration list for PBXNativeTarget "Useless button IOS" */ = {
			isa = XCConfigurationList;
			buildConfigurations = (
				5F1D17BF26A107FF0090C0FF /* Debug */,
				5F1D17C026A107FF0090C0FF /* Release */,
			);
			defaultConfigurationIsVisible = 0;
			defaultConfigurationName = Release;
		};
/* End XCConfigurationList section */
	};
	rootObject = 5F1D17A226A107FE0090C0FF /* Project object */;
}
